{
    "_meta": {
        "hash": {
            "sha256": "4e005232fe4c80246f8ffa29f8fdc5564c02297cba138df77f3bc38778e17f47"
        },
        "pipfile-spec": 6,
        "requires": {
            "python_version": "3.8"
        },
        "sources": [
            {
                "name": "pypi",
                "url": "https://pypi.python.org/simple",
                "verify_ssl": true
            }
        ]
    },
    "default": {
        "timeout-decorator": {
            "hashes": [
                "sha256:6a2f2f58db1c5b24a2cc79de6345760377ad8bdc13813f5265f6c3e63d16b3d7"
            ],
            "index": "pypi",
            "version": "==0.5.0"
        }
    },
    "develop": {}
}
